{
  "version": 4,
  "terraform_version": "1.12.2",
  "serial": 7,
  "lineage": "03d675de-e1a5-acf2-27ff-05bed0786aa8",
  "outputs": {
    "tunnel_token": {
      "value": "eyJhIjoiMTU0MDIzMGFmOTU0Y2Q2YmJkZDIzNjg0MDg4YjAzMjAiLCJ0IjoiYWNmMWQzNTktYjdkNi00ZmIxLWI3YzItOWU5NTJmODJkNzEyIiwicyI6IjAwMDAwMDAwMDAwMDAwMDAwMDAwMDAwMDAwMDAwMDAwMDAwMDAwMDAwMDAwMDAwMDAwMDAwMDAwMDAwMDAwMDAifQ==",
      "type": "string",
      "sensitive": true
    }
  },
  "resources": [
    {
      "mode": "managed",
      "type": "cloudflare_record",
      "name": "proxmox_dns",
      "provider": "provider[\"registry.terraform.io/cloudflare/cloudflare\"]",
      "instances": [
        {
          "schema_version": 3,
          "attributes": {
            "allow_overwrite": false,
            "comment": "",
            "content": null,
            "created_on": "2025-08-02T19:17:46.224817Z",
            "data": [],
            "hostname": "proxmox.ribeiroworkes.com",
            "id": "0eb3bfd18262b7776749975ae4c471d1",
            "metadata": {},
            "modified_on": "2025-08-02T19:17:46.224817Z",
            "name": "proxmox",
            "priority": null,
            "proxiable": true,
            "proxied": true,
            "tags": null,
            "timeouts": null,
            "ttl": 1,
            "type": "CNAME",
            "value": "acf1d359-b7d6-4fb1-b7c2-9e952f82d712.cfargotunnel.com",
            "zone_id": "f5369191c50c1a616968aca637fcbbb9"
          },
          "sensitive_attributes": [],
          "identity_schema_version": 0,
          "private": "eyJlMmJmYjczMC1lY2FhLTExZTYtOGY4OC0zNDM2M2JjN2M0YzAiOnsiY3JlYXRlIjozMDAwMDAwMDAwMCwidXBkYXRlIjozMDAwMDAwMDAwMH0sInNjaGVtYV92ZXJzaW9uIjoiMyJ9",
          "dependencies": [
            "cloudflare_tunnel.proxmox_tunnel"
          ]
        }
      ]
    },
    {
      "mode": "managed",
      "type": "cloudflare_tunnel",
      "name": "proxmox_tunnel",
      "provider": "provider[\"registry.terraform.io/cloudflare/cloudflare\"]",
      "instances": [
        {
          "schema_version": 0,
          "attributes": {
            "account_id": "1540230af954cd6bbdd23684088b0320",
            "cname": "acf1d359-b7d6-4fb1-b7c2-9e952f82d712.cfargotunnel.com",
            "config_src": null,
            "id": "acf1d359-b7d6-4fb1-b7c2-9e952f82d712",
            "name": "pve",
            "secret": "0000000000000000000000000000000000000000000000000000000000000000",
            "tunnel_token": "eyJhIjoiMTU0MDIzMGFmOTU0Y2Q2YmJkZDIzNjg0MDg4YjAzMjAiLCJ0IjoiYWNmMWQzNTktYjdkNi00ZmIxLWI3YzItOWU5NTJmODJkNzEyIiwicyI6IjAwMDAwMDAwMDAwMDAwMDAwMDAwMDAwMDAwMDAwMDAwMDAwMDAwMDAwMDAwMDAwMDAwMDAwMDAwMDAwMDAwMDAifQ=="
          },
          "sensitive_attributes": [
            [
              {
                "type": "get_attr",
                "value": "secret"
              }
            ],
            [
              {
                "type": "get_attr",
                "value": "tunnel_token"
              }
            ]
          ],
          "identity_schema_version": 0,
          "private": "bnVsbA=="
        }
      ]
    },
    {
      "mode": "managed",
      "type": "cloudflare_tunnel_config",
      "name": "proxmox_config",
      "provider": "provider[\"registry.terraform.io/cloudflare/cloudflare\"]",
      "instances": [
        {
          "schema_version": 0,
          "attributes": {
            "account_id": "1540230af954cd6bbdd23684088b0320",
            "config": [
              {
                "ingress_rule": [
                  {
                    "hostname": "proxmox.ribeiroworkes.com",
                    "origin_request": [
                      {
                        "access": [],
                        "bastion_mode": false,
                        "ca_pool": "",
                        "connect_timeout": "30s",
                        "disable_chunked_encoding": false,
                        "http2_origin": false,
                        "http_host_header": "",
                        "ip_rules": [],
                        "keep_alive_connections": 100,
                        "keep_alive_timeout": "1m30s",
                        "no_happy_eyeballs": false,
                        "no_tls_verify": true,
                        "origin_server_name": "",
                        "proxy_address": "127.0.0.1",
                        "proxy_port": 0,
                        "proxy_type": "",
                        "tcp_keep_alive": "30s",
                        "tls_timeout": "10s"
                      }
                    ],
                    "path": "",
                    "service": "https://192.168.1.61:8006"
                  },
                  {
                    "hostname": "",
                    "origin_request": [],
                    "path": "",
                    "service": "http_status:404"
                  }
                ],
                "origin_request": [],
                "warp_routing": []
              }
            ],
            "id": "acf1d359-b7d6-4fb1-b7c2-9e952f82d712",
            "tunnel_id": "acf1d359-b7d6-4fb1-b7c2-9e952f82d712"
          },
          "sensitive_attributes": [],
          "identity_schema_version": 0,
          "private": "bnVsbA==",
          "dependencies": [
            "cloudflare_tunnel.proxmox_tunnel"
          ]
        }
      ]
    }
  ],
  "check_results": null
}
