{
  "version": 4,
  "terraform_version": "1.12.2",
  "serial": 36,
  "lineage": "771ce000-ddcb-7bb0-84a3-48ab77bdf70c",
  "outputs": {
    "container_info": {
      "value": {
        "hostname": "nextcloud",
        "node": "pve",
        "status": "running",
        "vmid": null
      },
      "type": [
        "object",
        {
          "hostname": "string",
          "node": "string",
          "status": "string",
          "vmid": "number"
        }
      ]
    },
    "container_url": {
      "value": "http://dhcp",
      "type": "string"
    },
    "management_info": {
      "value": {
        "proxmox_web": "https://192.168.1.61:8006",
        "ssh_access": "SSH keys not configured",
        "tags": "lxc;nextcloud"
      },
      "type": [
        "object",
        {
          "proxmox_web": "string",
          "ssh_access": "string",
          "tags": "string"
        }
      ]
    },
    "network_info": {
      "value": {
        "bridge": "vmbr0",
        "gateway": "",
        "interface": "eth0",
        "ip_address": "dhcp"
      },
      "type": [
        "object",
        {
          "bridge": "string",
          "gateway": "string",
          "interface": "string",
          "ip_address": "string"
        }
      ]
    },
    "nextcloud_hostname": {
      "value": "nextcloud",
      "type": "string"
    },
    "nextcloud_ip": {
      "value": "dhcp",
      "type": "string"
    },
    "resource_allocation": {
      "value": {
        "cores": 2,
        "disk_size": "200G",
        "memory_mb": 2048,
        "storage": ""
      },
      "type": [
        "object",
        {
          "cores": "number",
          "disk_size": "string",
          "memory_mb": "number",
          "storage": "string"
        }
      ]
    }
  },
  "resources": [
    {
      "mode": "managed",
      "type": "proxmox_lxc",
      "name": "nextcloud",
      "provider": "provider[\"registry.terraform.io/telmate/proxmox\"]",
      "instances": [
        {
          "schema_version": 0,
          "attributes": {
            "arch": "amd64",
            "bwlimit": 0,
            "clone": null,
            "clone_storage": null,
            "cmode": "tty",
            "console": true,
            "cores": 2,
            "cpulimit": 0,
            "cpuunits": 1024,
            "description": "",
            "features": [],
            "force": false,
            "full": null,
            "hagroup": "",
            "hastate": "",
            "hookscript": "",
            "hostname": "nextcloud",
            "id": "pve/lxc/100",
            "ignore_unpack_errors": false,
            "lock": "",
            "memory": 2048,
            "mountpoint": [],
            "nameserver": "",
            "network": [
              {
                "bridge": "vmbr0",
                "firewall": false,
                "gw": "",
                "gw6": "",
                "hwaddr": "",
                "ip": "dhcp",
                "ip6": "",
                "mtu": 0,
                "name": "eth0",
                "rate": 0,
                "tag": 0,
                "trunks": "",
                "type": ""
              }
            ],
            "onboot": false,
            "ostemplate": null,
            "ostype": "debian",
            "password": null,
            "pool": null,
            "protection": false,
            "restore": false,
            "rootfs": [
              {
                "acl": false,
                "quota": false,
                "replicate": false,
                "ro": false,
                "shared": false,
                "size": "200G",
                "storage": "",
                "volume": "DATA:100/vm-100-disk-0.raw"
              }
            ],
            "searchdomain": "",
            "ssh_public_keys": null,
            "start": true,
            "startup": "",
            "swap": 0,
            "tags": "lxc;nextcloud",
            "target_node": "pve",
            "template": false,
            "timeouts": null,
            "tty": 2,
            "unique": false,
            "unprivileged": false,
            "unused": [],
            "vmid": null
          },
          "sensitive_attributes": [
            [
              {
                "type": "get_attr",
                "value": "password"
              }
            ]
          ],
          "identity_schema_version": 0,
          "private": "eyJlMmJmYjczMC1lY2FhLTExZTYtOGY4OC0zNDM2M2JjN2M0YzAiOnsiY3JlYXRlIjoxMjAwMDAwMDAwMDAwLCJkZWZhdWx0IjoxMjAwMDAwMDAwMDAwLCJkZWxldGUiOjEyMDAwMDAwMDAwMDAsInJlYWQiOjEyMDAwMDAwMDAwMDAsInVwZGF0ZSI6MTIwMDAwMDAwMDAwMH19"
        }
      ]
    }
  ],
  "check_results": [
    {
      "object_kind": "var",
      "config_addr": "var.root_password",
      "status": "pass",
      "objects": [
        {
          "object_addr": "var.root_password",
          "status": "pass"
        }
      ]
    },
    {
      "object_kind": "var",
      "config_addr": "var.proxmox_token_id",
      "status": "pass",
      "objects": [
        {
          "object_addr": "var.proxmox_token_id",
          "status": "pass"
        }
      ]
    },
    {
      "object_kind": "var",
      "config_addr": "var.proxmox_api_url",
      "status": "pass",
      "objects": [
        {
          "object_addr": "var.proxmox_api_url",
          "status": "pass"
        }
      ]
    },
    {
      "object_kind": "var",
      "config_addr": "var.proxmox_token_secret",
      "status": "pass",
      "objects": [
        {
          "object_addr": "var.proxmox_token_secret",
          "status": "pass"
        }
      ]
    }
  ]
}
