{
  "version": 4,
  "terraform_version": "1.12.2",
  "serial": 12,
  "lineage": "64410a35-4e61-1050-664f-6daaf3cf3344",
  "outputs": {
    "dns_records": {
      "value": {
        "nextcloud": {
          "hostname": "cloud.ribeiroworkes.com",
          "name": "cloud",
          "proxied": true,
          "value": "3d8d7d67-26fe-4c51-a632-1b30dd0f6885.cfargotunnel.com"
        },
        "proxmox": {
          "hostname": "proxmox.ribeiroworkes.com",
          "name": "proxmox",
          "proxied": true,
          "value": "acf1d359-b7d6-4fb1-b7c2-9e952f82d712.cfargotunnel.com"
        }
      },
      "type": [
        "object",
        {
          "nextcloud": [
            "object",
            {
              "hostname": "string",
              "name": "string",
              "proxied": "bool",
              "value": "string"
            }
          ],
          "proxmox": [
            "object",
            {
              "hostname": "string",
              "name": "string",
              "proxied": "bool",
              "value": "string"
            }
          ]
        }
      ]
    },
    "nextcloud_tunnel_token": {
      "value": "eyJhIjoiMTU0MDIzMGFmOTU0Y2Q2YmJkZDIzNjg0MDg4YjAzMjAiLCJ0IjoiM2Q4ZDdkNjctMjZmZS00YzUxLWE2MzItMWIzMGRkMGY2ODg1IiwicyI6IjExMTExMTExMTExMTExMTExMTExMTExMTExMTExMTExMTExMTExMTExMTExMTExMTExMTExMTExMTExMTExMTEifQ==",
      "type": "string",
      "sensitive": true
    },
    "nextcloud_url": {
      "value": "https://cloud.ribeiroworkes.com",
      "type": "string"
    },
    "proxmox_tunnel_token": {
      "value": "eyJhIjoiMTU0MDIzMGFmOTU0Y2Q2YmJkZDIzNjg0MDg4YjAzMjAiLCJ0IjoiYWNmMWQzNTktYjdkNi00ZmIxLWI3YzItOWU5NTJmODJkNzEyIiwicyI6IjAwMDAwMDAwMDAwMDAwMDAwMDAwMDAwMDAwMDAwMDAwMDAwMDAwMDAwMDAwMDAwMDAwMDAwMDAwMDAwMDAwMDAifQ==",
      "type": "string",
      "sensitive": true
    },
    "proxmox_url": {
      "value": "https://proxmox.ribeiroworkes.com",
      "type": "string"
    },
    "tunnel_cnames": {
      "value": {
        "nextcloud": "3d8d7d67-26fe-4c51-a632-1b30dd0f6885.cfargotunnel.com",
        "proxmox": "acf1d359-b7d6-4fb1-b7c2-9e952f82d712.cfargotunnel.com"
      },
      "type": [
        "object",
        {
          "nextcloud": "string",
          "proxmox": "string"
        }
      ]
    },
    "tunnel_ids": {
      "value": {
        "nextcloud": "3d8d7d67-26fe-4c51-a632-1b30dd0f6885",
        "proxmox": "acf1d359-b7d6-4fb1-b7c2-9e952f82d712"
      },
      "type": [
        "object",
        {
          "nextcloud": "string",
          "proxmox": "string"
        }
      ]
    },
    "tunnel_tokens": {
      "value": {
        "nextcloud": "eyJhIjoiMTU0MDIzMGFmOTU0Y2Q2YmJkZDIzNjg0MDg4YjAzMjAiLCJ0IjoiM2Q4ZDdkNjctMjZmZS00YzUxLWE2MzItMWIzMGRkMGY2ODg1IiwicyI6IjExMTExMTExMTExMTExMTExMTExMTExMTExMTExMTExMTExMTExMTExMTExMTExMTExMTExMTExMTExMTExMTEifQ==",
        "proxmox": "eyJhIjoiMTU0MDIzMGFmOTU0Y2Q2YmJkZDIzNjg0MDg4YjAzMjAiLCJ0IjoiYWNmMWQzNTktYjdkNi00ZmIxLWI3YzItOWU5NTJmODJkNzEyIiwicyI6IjAwMDAwMDAwMDAwMDAwMDAwMDAwMDAwMDAwMDAwMDAwMDAwMDAwMDAwMDAwMDAwMDAwMDAwMDAwMDAwMDAwMDAifQ=="
      },
      "type": [
        "object",
        {
          "nextcloud": "string",
          "proxmox": "string"
        }
      ],
      "sensitive": true
    }
  },
  "resources": [
    {
      "mode": "managed",
      "type": "cloudflare_record",
      "name": "tunnel_dns",
      "provider": "provider[\"registry.terraform.io/cloudflare/cloudflare\"]",
      "instances": [
        {
          "index_key": "nextcloud",
          "schema_version": 3,
          "attributes": {
            "allow_overwrite": true,
            "comment": "Managed by Terraform - nextcloud tunnel",
            "content": "3d8d7d67-26fe-4c51-a632-1b30dd0f6885.cfargotunnel.com",
            "created_on": "2025-08-02T22:57:06.453107Z",
            "data": [],
            "hostname": "cloud.ribeiroworkes.com",
            "id": "f92bf0e94da8329a3ad353b36344a684",
            "metadata": {},
            "modified_on": "2025-08-03T17:20:23.439142Z",
            "name": "cloud",
            "priority": null,
            "proxiable": true,
            "proxied": true,
            "tags": null,
            "timeouts": null,
            "ttl": 1,
            "type": "CNAME",
            "value": null,
            "zone_id": "f5369191c50c1a616968aca637fcbbb9"
          },
          "sensitive_attributes": [],
          "identity_schema_version": 0,
          "private": "eyJlMmJmYjczMC1lY2FhLTExZTYtOGY4OC0zNDM2M2JjN2M0YzAiOnsiY3JlYXRlIjozMDAwMDAwMDAwMCwidXBkYXRlIjozMDAwMDAwMDAwMH0sInNjaGVtYV92ZXJzaW9uIjoiMyJ9",
          "dependencies": [
            "cloudflare_tunnel.tunnels"
          ]
        },
        {
          "index_key": "proxmox",
          "schema_version": 3,
          "attributes": {
            "allow_overwrite": true,
            "comment": "Managed by Terraform - pve tunnel",
            "content": "acf1d359-b7d6-4fb1-b7c2-9e952f82d712.cfargotunnel.com",
            "created_on": "2025-08-02T19:17:46.224817Z",
            "data": [],
            "hostname": "proxmox.ribeiroworkes.com",
            "id": "0eb3bfd18262b7776749975ae4c471d1",
            "metadata": {},
            "modified_on": "2025-08-03T17:20:23.069566Z",
            "name": "proxmox",
            "priority": null,
            "proxiable": true,
            "proxied": true,
            "tags": null,
            "timeouts": null,
            "ttl": 1,
            "type": "CNAME",
            "value": null,
            "zone_id": "f5369191c50c1a616968aca637fcbbb9"
          },
          "sensitive_attributes": [],
          "identity_schema_version": 0,
          "private": "eyJlMmJmYjczMC1lY2FhLTExZTYtOGY4OC0zNDM2M2JjN2M0YzAiOnsiY3JlYXRlIjozMDAwMDAwMDAwMCwidXBkYXRlIjozMDAwMDAwMDAwMH0sInNjaGVtYV92ZXJzaW9uIjoiMyJ9",
          "dependencies": [
            "cloudflare_tunnel.tunnels"
          ]
        }
      ]
    },
    {
      "mode": "managed",
      "type": "cloudflare_tunnel",
      "name": "tunnels",
      "provider": "provider[\"registry.terraform.io/cloudflare/cloudflare\"]",
      "instances": [
        {
          "index_key": "nextcloud",
          "schema_version": 0,
          "attributes": {
            "account_id": "1540230af954cd6bbdd23684088b0320",
            "cname": "3d8d7d67-26fe-4c51-a632-1b30dd0f6885.cfargotunnel.com",
            "config_src": null,
            "id": "3d8d7d67-26fe-4c51-a632-1b30dd0f6885",
            "name": "nextcloud",
            "secret": null,
            "tunnel_token": "eyJhIjoiMTU0MDIzMGFmOTU0Y2Q2YmJkZDIzNjg0MDg4YjAzMjAiLCJ0IjoiM2Q4ZDdkNjctMjZmZS00YzUxLWE2MzItMWIzMGRkMGY2ODg1IiwicyI6IjExMTExMTExMTExMTExMTExMTExMTExMTExMTExMTExMTExMTExMTExMTExMTExMTExMTExMTExMTExMTExMTEifQ=="
          },
          "sensitive_attributes": [
            [
              {
                "type": "get_attr",
                "value": "secret"
              }
            ],
            [
              {
                "type": "get_attr",
                "value": "tunnel_token"
              }
            ]
          ],
          "identity_schema_version": 0,
          "private": "eyJzY2hlbWFfdmVyc2lvbiI6IjAifQ=="
        },
        {
          "index_key": "proxmox",
          "schema_version": 0,
          "attributes": {
            "account_id": "1540230af954cd6bbdd23684088b0320",
            "cname": "acf1d359-b7d6-4fb1-b7c2-9e952f82d712.cfargotunnel.com",
            "config_src": null,
            "id": "acf1d359-b7d6-4fb1-b7c2-9e952f82d712",
            "name": "pve",
            "secret": null,
            "tunnel_token": "eyJhIjoiMTU0MDIzMGFmOTU0Y2Q2YmJkZDIzNjg0MDg4YjAzMjAiLCJ0IjoiYWNmMWQzNTktYjdkNi00ZmIxLWI3YzItOWU5NTJmODJkNzEyIiwicyI6IjAwMDAwMDAwMDAwMDAwMDAwMDAwMDAwMDAwMDAwMDAwMDAwMDAwMDAwMDAwMDAwMDAwMDAwMDAwMDAwMDAwMDAifQ=="
          },
          "sensitive_attributes": [
            [
              {
                "type": "get_attr",
                "value": "secret"
              }
            ],
            [
              {
                "type": "get_attr",
                "value": "tunnel_token"
              }
            ]
          ],
          "identity_schema_version": 0,
          "private": "eyJzY2hlbWFfdmVyc2lvbiI6IjAifQ=="
        }
      ]
    },
    {
      "mode": "managed",
      "type": "cloudflare_tunnel_config",
      "name": "tunnel_configs",
      "provider": "provider[\"registry.terraform.io/cloudflare/cloudflare\"]",
      "instances": [
        {
          "index_key": "nextcloud",
          "schema_version": 0,
          "attributes": {
            "account_id": "1540230af954cd6bbdd23684088b0320",
            "config": [
              {
                "ingress_rule": [
                  {
                    "hostname": "cloud.ribeiroworkes.com",
                    "origin_request": [],
                    "path": "",
                    "service": "http://192.168.1.67:80"
                  },
                  {
                    "hostname": "",
                    "origin_request": [],
                    "path": "",
                    "service": "http_status:404"
                  }
                ],
                "origin_request": [],
                "warp_routing": []
              }
            ],
            "id": "3d8d7d67-26fe-4c51-a632-1b30dd0f6885",
            "tunnel_id": "3d8d7d67-26fe-4c51-a632-1b30dd0f6885"
          },
          "sensitive_attributes": [],
          "identity_schema_version": 0,
          "private": "bnVsbA==",
          "dependencies": [
            "cloudflare_tunnel.tunnels"
          ]
        },
        {
          "index_key": "proxmox",
          "schema_version": 0,
          "attributes": {
            "account_id": "1540230af954cd6bbdd23684088b0320",
            "config": [
              {
                "ingress_rule": [
                  {
                    "hostname": "proxmox.ribeiroworkes.com",
                    "origin_request": [
                      {
                        "access": [],
                        "bastion_mode": false,
                        "ca_pool": "",
                        "connect_timeout": "30s",
                        "disable_chunked_encoding": false,
                        "http2_origin": false,
                        "http_host_header": "",
                        "ip_rules": [],
                        "keep_alive_connections": 100,
                        "keep_alive_timeout": "1m30s",
                        "no_happy_eyeballs": false,
                        "no_tls_verify": true,
                        "origin_server_name": "",
                        "proxy_address": "127.0.0.1",
                        "proxy_port": 0,
                        "proxy_type": "",
                        "tcp_keep_alive": "30s",
                        "tls_timeout": "10s"
                      }
                    ],
                    "path": "",
                    "service": "https://192.168.1.61:8006"
                  },
                  {
                    "hostname": "",
                    "origin_request": [],
                    "path": "",
                    "service": "http_status:404"
                  }
                ],
                "origin_request": [],
                "warp_routing": []
              }
            ],
            "id": "acf1d359-b7d6-4fb1-b7c2-9e952f82d712",
            "tunnel_id": "acf1d359-b7d6-4fb1-b7c2-9e952f82d712"
          },
          "sensitive_attributes": [],
          "identity_schema_version": 0,
          "private": "bnVsbA==",
          "dependencies": [
            "cloudflare_tunnel.tunnels"
          ]
        }
      ]
    }
  ],
  "check_results": [
    {
      "object_kind": "var",
      "config_addr": "var.cloudflare_account_id",
      "status": "pass",
      "objects": [
        {
          "object_addr": "var.cloudflare_account_id",
          "status": "pass"
        }
      ]
    },
    {
      "object_kind": "var",
      "config_addr": "var.cloudflare_zone_id",
      "status": "pass",
      "objects": [
        {
          "object_addr": "var.cloudflare_zone_id",
          "status": "pass"
        }
      ]
    },
    {
      "object_kind": "var",
      "config_addr": "var.cloudflare_api_token",
      "status": "pass",
      "objects": [
        {
          "object_addr": "var.cloudflare_api_token",
          "status": "pass"
        }
      ]
    }
  ]
}
